
Microsoft Visual Studio Solution File, Format Version 12.00
# Visual Studio Version 16
VisualStudioVersion = 16.0.29519.181
MinimumVisualStudioVersion = 10.0.40219.1
Project("{9A19103F-16F7-4668-BE54-9A1E7A4F7556}") = "DickinsonBros.Email.Abstractions", "DickinsonBros.Email.Abstractions\DickinsonBros.Email.Abstractions.csproj", "{6DE4ACDB-8334-48C9-BD8A-69233F3697D3}"
EndProject
Project("{2150E333-8FDC-42A3-9474-1A3956D46DE8}") = "1 Abstractions", "1 Abstractions", "{A5DDAC06-3CA0-4496-B8DD-339AE12642CE}"
EndProject
Project("{2150E333-8FDC-42A3-9474-1A3956D46DE8}") = "9 Scripts", "9 Scripts", "{C4F17181-9484-461A-814A-831168B6255D}"
	ProjectSection(SolutionItems) = preProject
		Scripts\CreateNugetPackagePreRelease.ps1 = Scripts\CreateNugetPackagePreRelease.ps1
		DickinsonBros.Email.Abstractions.runsettings = DickinsonBros.Email.Abstractions.runsettings
		Scripts\Publish.yml = Scripts\Publish.yml
		Scripts\Test.yml = Scripts\Test.yml
	EndProjectSection
EndProject
Project("{9A19103F-16F7-4668-BE54-9A1E7A4F7556}") = "DickinsonBros.Email.Abstractions.Tests", "DickinsonBros.Email.Abstractions.Tests\DickinsonBros.Email.Abstractions.Tests.csproj", "{AA1D30EC-9758-4512-9AC3-B79C92F04E6E}"
EndProject
Global
	GlobalSection(SolutionConfigurationPlatforms) = preSolution
		Debug|Any CPU = Debug|Any CPU
		Release|Any CPU = Release|Any CPU
	EndGlobalSection
	GlobalSection(ProjectConfigurationPlatforms) = postSolution
		{6DE4ACDB-8334-48C9-BD8A-69233F3697D3}.Debug|Any CPU.ActiveCfg = Debug|Any CPU
		{6DE4ACDB-8334-48C9-BD8A-69233F3697D3}.Debug|Any CPU.Build.0 = Debug|Any CPU
		{6DE4ACDB-8334-48C9-BD8A-69233F3697D3}.Release|Any CPU.ActiveCfg = Release|Any CPU
		{6DE4ACDB-8334-48C9-BD8A-69233F3697D3}.Release|Any CPU.Build.0 = Release|Any CPU
		{AA1D30EC-9758-4512-9AC3-B79C92F04E6E}.Debug|Any CPU.ActiveCfg = Debug|Any CPU
		{AA1D30EC-9758-4512-9AC3-B79C92F04E6E}.Debug|Any CPU.Build.0 = Debug|Any CPU
		{AA1D30EC-9758-4512-9AC3-B79C92F04E6E}.Release|Any CPU.ActiveCfg = Release|Any CPU
		{AA1D30EC-9758-4512-9AC3-B79C92F04E6E}.Release|Any CPU.Build.0 = Release|Any CPU
	EndGlobalSection
	GlobalSection(SolutionProperties) = preSolution
		HideSolutionNode = FALSE
	EndGlobalSection
	GlobalSection(NestedProjects) = preSolution
		{6DE4ACDB-8334-48C9-BD8A-69233F3697D3} = {A5DDAC06-3CA0-4496-B8DD-339AE12642CE}
		{AA1D30EC-9758-4512-9AC3-B79C92F04E6E} = {A5DDAC06-3CA0-4496-B8DD-339AE12642CE}
	EndGlobalSection
	GlobalSection(ExtensibilityGlobals) = postSolution
		SolutionGuid = {E4C7F16B-1A7D-4861-B7AF-3F551C0CA556}
	EndGlobalSection
EndGlobal
